{
  "name": "jeremys-blog",
  "version": "1.0.0",
  "lockfileVersion": 1,
  "requires": true,
  "dependencies": {
    "@types/hast": {
      "version": "2.3.1",
      "resolved": "https://registry.npm.taobao.org/@types/hast/download/@types/hast-2.3.1.tgz",
      "integrity": "sha1-sWhy8qYUTHAl8pb7ljamZ+u3nNk=",
      "requires": {
        "@types/unist": "*"
      }
    },
    "@types/mdast": {
      "version": "3.0.3",
      "resolved": "https://registry.npm.taobao.org/@types/mdast/download/@types/mdast-3.0.3.tgz",
      "integrity": "sha1-LX1nGxzR6j3rMG6nUDbCoEB9Les=",
      "requires": {
        "@types/unist": "*"
      }
    },
    "@types/unist": {
      "version": "2.0.3",
      "resolved": "https://registry.npm.taobao.org/@types/unist/download/@types/unist-2.0.3.tgz",
      "integrity": "sha1-nAiGeYdvN061mD8VDUeHqm+zLX4="
    },
    "ansi-regex": {
      "version": "5.0.0",
      "resolved": "https://registry.npm.taobao.org/ansi-regex/download/ansi-regex-5.0.0.tgz?cache=0&sync_timestamp=1570188663907&other_urls=https%3A%2F%2Fregistry.npm.taobao.org%2Fansi-regex%2Fdownload%2Fansi-regex-5.0.0.tgz",
      "integrity": "sha1-OIU59VF5vzkznIGvMKZU1p+Hy3U="
    },
    "bail": {
      "version": "1.0.5",
      "resolved": "https://registry.npm.taobao.org/bail/download/bail-1.0.5.tgz",
      "integrity": "sha1-tvoTNASjksvB+MS/Y/WVM1Hnp3Y=",
      "dev": true
    },
    "ccount": {
      "version": "1.1.0",
      "resolved": "https://registry.npm.taobao.org/ccount/download/ccount-1.1.0.tgz?cache=0&sync_timestamp=1603876911235&other_urls=https%3A%2F%2Fregistry.npm.taobao.org%2Fccount%2Fdownload%2Fccount-1.1.0.tgz",
      "integrity": "sha1-JGaH3rtgFHNRMb6KurLZOJj40EM="
    },
    "character-entities": {
      "version": "1.2.4",
      "resolved": "https://registry.npm.taobao.org/character-entities/download/character-entities-1.2.4.tgz",
      "integrity": "sha1-4Sw5Obfq9OWxXnrUxeKOHUjFsWs="
    },
    "character-entities-html4": {
      "version": "1.1.4",
      "resolved": "https://registry.npm.taobao.org/character-entities-html4/download/character-entities-html4-1.1.4.tgz?cache=0&other_urls=https%3A%2F%2Fregistry.npm.taobao.org%2Fcharacter-entities-html4%2Fdownload%2Fcharacter-entities-html4-1.1.4.tgz",
      "integrity": "sha1-DmSwo3U92/H9wETF/QHQGZoC4SU="
    },
    "character-entities-legacy": {
      "version": "1.1.4",
      "resolved": "https://registry.npm.taobao.org/character-entities-legacy/download/character-entities-legacy-1.1.4.tgz?cache=0&other_urls=https%3A%2F%2Fregistry.npm.taobao.org%2Fcharacter-entities-legacy%2Fdownload%2Fcharacter-entities-legacy-1.1.4.tgz",
      "integrity": "sha1-lLwYRdznClu50uzHSHJWYSk9j8E="
    },
    "character-reference-invalid": {
      "version": "1.1.4",
      "resolved": "https://registry.npm.taobao.org/character-reference-invalid/download/character-reference-invalid-1.1.4.tgz",
      "integrity": "sha1-CDMpzaDq4nKrPbvzfpo4LBOvFWA="
    },
    "comma-separated-tokens": {
      "version": "1.0.8",
      "resolved": "https://registry.npm.taobao.org/comma-separated-tokens/download/comma-separated-tokens-1.0.8.tgz",
      "integrity": "sha1-YyuAthF4Z6FY8QgK1Jiy++fj9eo="
    },
    "debug": {
      "version": "4.3.1",
      "resolved": "https://registry.npm.taobao.org/debug/download/debug-4.3.1.tgz?cache=0&sync_timestamp=1607566571506&other_urls=https%3A%2F%2Fregistry.npm.taobao.org%2Fdebug%2Fdownload%2Fdebug-4.3.1.tgz",
      "integrity": "sha1-8NIpxQXgxtjEmsVT0bE9wYP2su4=",
      "dev": true,
      "requires": {
        "ms": "2.1.2"
      }
    },
    "doctype": {
      "version": "2.0.4",
      "resolved": "https://registry.npm.taobao.org/doctype/download/doctype-2.0.4.tgz",
      "integrity": "sha1-xzWZsYi63E+A5POismUr0rFuQEg="
    },
    "emoji-regex": {
      "version": "8.0.0",
      "resolved": "https://registry.npm.taobao.org/emoji-regex/download/emoji-regex-8.0.0.tgz",
      "integrity": "sha1-6Bj9ac5cz8tARZT4QpY79TFkzDc="
    },
    "extend": {
      "version": "3.0.2",
      "resolved": "https://registry.npm.taobao.org/extend/download/extend-3.0.2.tgz",
      "integrity": "sha1-+LETa0Bx+9jrFAr/hYsQGewpFfo=",
      "dev": true
    },
    "has-flag": {
      "version": "3.0.0",
      "resolved": "https://registry.npm.taobao.org/has-flag/download/has-flag-3.0.0.tgz",
      "integrity": "sha1-tdRU3CGZriJWmfNGfloH87lVuv0="
    },
    "hast-util-embedded": {
      "version": "1.0.6",
      "resolved": "https://registry.npm.taobao.org/hast-util-embedded/download/hast-util-embedded-1.0.6.tgz",
      "integrity": "sha1-6nAHMjNRzEPhnh1iVrfN5mrRqgM=",
      "requires": {
        "hast-util-is-element": "^1.1.0"
      }
    },
    "hast-util-has-property": {
      "version": "1.0.4",
      "resolved": "https://registry.npm.taobao.org/hast-util-has-property/download/hast-util-has-property-1.0.4.tgz",
      "integrity": "sha1-nxN1ZfrWCCUks4LB59fTPKUFnzY="
    },
    "hast-util-is-body-ok-link": {
      "version": "1.0.4",
      "resolved": "https://registry.npm.taobao.org/hast-util-is-body-ok-link/download/hast-util-is-body-ok-link-1.0.4.tgz",
      "integrity": "sha1-SasvrVLvBP5wrcvJXJ/DpjWMMr4=",
      "requires": {
        "hast-util-has-property": "^1.0.0",
        "hast-util-is-element": "^1.0.0"
      }
    },
    "hast-util-is-element": {
      "version": "1.1.0",
      "resolved": "https://registry.npm.taobao.org/hast-util-is-element/download/hast-util-is-element-1.1.0.tgz",
      "integrity": "sha1-Oz7VFZonB8YTe0hjf7/gaOF1pCU="
    },
    "hast-util-parse-selector": {
      "version": "2.2.5",
      "resolved": "https://registry.npm.taobao.org/hast-util-parse-selector/download/hast-util-parse-selector-2.2.5.tgz",
      "integrity": "sha1-1Xwj9NoWrjxjs7bKRhZoMxNJnDo="
    },
    "hast-util-phrasing": {
      "version": "1.0.5",
      "resolved": "https://registry.npm.taobao.org/hast-util-phrasing/download/hast-util-phrasing-1.0.5.tgz",
      "integrity": "sha1-Rft9PvxwEothSR+ePwgKVU8Tix0=",
      "requires": {
        "hast-util-embedded": "^1.0.0",
        "hast-util-has-property": "^1.0.0",
        "hast-util-is-body-ok-link": "^1.0.0",
        "hast-util-is-element": "^1.0.0"
      }
    },
    "hast-util-to-html": {
      "version": "7.1.2",
      "resolved": "https://registry.npm.taobao.org/hast-util-to-html/download/hast-util-to-html-7.1.2.tgz?cache=0&sync_timestamp=1604111103897&other_urls=https%3A%2F%2Fregistry.npm.taobao.org%2Fhast-util-to-html%2Fdownload%2Fhast-util-to-html-7.1.2.tgz",
      "integrity": "sha1-22d/DuSDZYzqDuzJ3sMKukK2cRE=",
      "requires": {
        "ccount": "^1.0.0",
        "comma-separated-tokens": "^1.0.0",
        "hast-util-is-element": "^1.0.0",
        "hast-util-whitespace": "^1.0.0",
        "html-void-elements": "^1.0.0",
        "property-information": "^5.0.0",
        "space-separated-tokens": "^1.0.0",
        "stringify-entities": "^3.0.1",
        "unist-util-is": "^4.0.0",
        "xtend": "^4.0.0"
      }
    },
    "hast-util-whitespace": {
      "version": "1.0.4",
      "resolved": "https://registry.npm.taobao.org/hast-util-whitespace/download/hast-util-whitespace-1.0.4.tgz",
      "integrity": "sha1-5P53xKmuHLLmwl4C3wBD0BZPbkE="
    },
    "hastscript": {
      "version": "5.1.2",
      "resolved": "https://registry.npm.taobao.org/hastscript/download/hastscript-5.1.2.tgz",
      "integrity": "sha1-veLC5W0Exi3SToxd8ojQUKNV+4o=",
      "requires": {
        "comma-separated-tokens": "^1.0.0",
        "hast-util-parse-selector": "^2.0.0",
        "property-information": "^5.0.0",
        "space-separated-tokens": "^1.0.0"
      }
    },
    "html-void-elements": {
      "version": "1.0.5",
      "resolved": "https://registry.npm.taobao.org/html-void-elements/download/html-void-elements-1.0.5.tgz",
      "integrity": "sha1-zpFZSU6G2V5FeVsWbCAhws/KRIM="
    },
    "html-whitespace-sensitive-tag-names": {
      "version": "1.0.3",
      "resolved": "https://registry.npm.taobao.org/html-whitespace-sensitive-tag-names/download/html-whitespace-sensitive-tag-names-1.0.3.tgz",
      "integrity": "sha1-YDJcW9MxBI0Uzta6xBnInXbMndg="
    },
    "is-alphabetical": {
      "version": "1.0.4",
      "resolved": "https://registry.npm.taobao.org/is-alphabetical/download/is-alphabetical-1.0.4.tgz",
      "integrity": "sha1-nn1rlJFr4iFTdF0YTCmMv5hqaG0="
    },
    "is-alphanumerical": {
      "version": "1.0.4",
      "resolved": "https://registry.npm.taobao.org/is-alphanumerical/download/is-alphanumerical-1.0.4.tgz",
      "integrity": "sha1-frmiQx+FX2se8aeOMm31FWlsTb8=",
      "requires": {
        "is-alphabetical": "^1.0.0",
        "is-decimal": "^1.0.0"
      }
    },
    "is-buffer": {
      "version": "2.0.5",
      "resolved": "https://registry.npm.taobao.org/is-buffer/download/is-buffer-2.0.5.tgz?cache=0&sync_timestamp=1604432378894&other_urls=https%3A%2F%2Fregistry.npm.taobao.org%2Fis-buffer%2Fdownload%2Fis-buffer-2.0.5.tgz",
      "integrity": "sha1-68JS5ADSL/jXf6CYiIIaJKZYwZE=",
      "dev": true
    },
    "is-decimal": {
      "version": "1.0.4",
      "resolved": "https://registry.npm.taobao.org/is-decimal/download/is-decimal-1.0.4.tgz",
      "integrity": "sha1-ZaOllYocW2OnBuGzM9fNn2MNP6U="
    },
    "is-fullwidth-code-point": {
      "version": "3.0.0",
      "resolved": "https://registry.npm.taobao.org/is-fullwidth-code-point/download/is-fullwidth-code-point-3.0.0.tgz",
      "integrity": "sha1-8Rb4Bk/pCz94RKOJl8C3UFEmnx0="
    },
    "is-hexadecimal": {
      "version": "1.0.4",
      "resolved": "https://registry.npm.taobao.org/is-hexadecimal/download/is-hexadecimal-1.0.4.tgz",
      "integrity": "sha1-zDXJdYjaS9Saju3WvECC1E3LI6c="
    },
    "is-plain-obj": {
      "version": "2.1.0",
      "resolved": "https://registry.npm.taobao.org/is-plain-obj/download/is-plain-obj-2.1.0.tgz",
      "integrity": "sha1-ReQuN/zPH0Dajl927iFRWEDAkoc=",
      "dev": true
    },
    "longest-streak": {
      "version": "2.0.4",
      "resolved": "https://registry.npm.taobao.org/longest-streak/download/longest-streak-2.0.4.tgz",
      "integrity": "sha1-uFmZV9pbXatk3uP+MW+ndFl9kOQ="
    },
    "mdast-util-definitions": {
      "version": "4.0.0",
      "resolved": "https://registry.npm.taobao.org/mdast-util-definitions/download/mdast-util-definitions-4.0.0.tgz?cache=0&sync_timestamp=1601721830909&other_urls=https%3A%2F%2Fregistry.npm.taobao.org%2Fmdast-util-definitions%2Fdownload%2Fmdast-util-definitions-4.0.0.tgz",
      "integrity": "sha1-xcGoTbeZFztNz3ZDzamZ5EDCTbI=",
      "requires": {
        "unist-util-visit": "^2.0.0"
      }
    },
    "mdast-util-from-markdown": {
      "version": "0.8.4",
      "resolved": "https://registry.npm.taobao.org/mdast-util-from-markdown/download/mdast-util-from-markdown-0.8.4.tgz",
      "integrity": "sha1-KIIQDBufyWfT+DgGgC8wNmZoLTI=",
      "dev": true,
      "requires": {
        "@types/mdast": "^3.0.0",
        "mdast-util-to-string": "^2.0.0",
        "micromark": "~2.11.0",
        "parse-entities": "^2.0.0",
        "unist-util-stringify-position": "^2.0.0"
      }
    },
    "mdast-util-to-hast": {
      "version": "10.0.1",
      "resolved": "https://registry.npm.taobao.org/mdast-util-to-hast/download/mdast-util-to-hast-10.0.1.tgz",
      "integrity": "sha1-DPyCCJSUxS1G6w4+23pOsq6gIes=",
      "requires": {
        "@types/mdast": "^3.0.0",
        "@types/unist": "^2.0.0",
        "mdast-util-definitions": "^4.0.0",
        "mdurl": "^1.0.0",
        "unist-builder": "^2.0.0",
        "unist-util-generated": "^1.0.0",
        "unist-util-position": "^3.0.0",
        "unist-util-visit": "^2.0.0"
      }
    },
    "mdast-util-to-markdown": {
      "version": "0.6.0",
      "resolved": "https://registry.npm.taobao.org/mdast-util-to-markdown/download/mdast-util-to-markdown-0.6.0.tgz",
      "integrity": "sha1-qndz97QBjPCQU8idSFLA7TcBFi4=",
      "requires": {
        "@types/unist": "^2.0.0",
        "longest-streak": "^2.0.0",
        "mdast-util-to-string": "^2.0.0",
        "parse-entities": "^2.0.0",
        "repeat-string": "^1.0.0",
        "zwitch": "^1.0.0"
      }
    },
    "mdast-util-to-string": {
      "version": "2.0.0",
      "resolved": "https://registry.npm.taobao.org/mdast-util-to-string/download/mdast-util-to-string-2.0.0.tgz",
      "integrity": "sha1-uM/mpxPhCRy1tyj8SIhaR2f4uXs="
    },
    "mdurl": {
      "version": "1.0.1",
      "resolved": "https://registry.npm.taobao.org/mdurl/download/mdurl-1.0.1.tgz",
      "integrity": "sha1-/oWy7HWlkDfyrf7BAP1sYBdhFS4="
    },
    "micromark": {
      "version": "2.11.2",
      "resolved": "https://registry.npm.taobao.org/micromark/download/micromark-2.11.2.tgz?cache=0&sync_timestamp=1607527484531&other_urls=https%3A%2F%2Fregistry.npm.taobao.org%2Fmicromark%2Fdownload%2Fmicromark-2.11.2.tgz",
      "integrity": "sha1-6LagX1RpfS09J/yJYAxrxA3QXzU=",
      "dev": true,
      "requires": {
        "debug": "^4.0.0",
        "parse-entities": "^2.0.0"
      }
    },
    "ms": {
      "version": "2.1.2",
      "resolved": "https://registry.npm.taobao.org/ms/download/ms-2.1.2.tgz?cache=0&sync_timestamp=1607433872491&other_urls=https%3A%2F%2Fregistry.npm.taobao.org%2Fms%2Fdownload%2Fms-2.1.2.tgz",
      "integrity": "sha1-0J0fNXtEP0kzgqjrPM0YOHKuYAk=",
      "dev": true
    },
    "nlcst-to-string": {
      "version": "2.0.4",
      "resolved": "https://registry.npm.taobao.org/nlcst-to-string/download/nlcst-to-string-2.0.4.tgz",
      "integrity": "sha1-kxXfq4CIK7/Ybd8bcG9TYi3EAMw=",
      "dev": true
    },
    "parse-entities": {
      "version": "2.0.0",
      "resolved": "https://registry.npm.taobao.org/parse-entities/download/parse-entities-2.0.0.tgz",
      "integrity": "sha1-U8brW5MUofTsmfoP33zgHs2gy+g=",
      "requires": {
        "character-entities": "^1.0.0",
        "character-entities-legacy": "^1.0.0",
        "character-reference-invalid": "^1.0.0",
        "is-alphanumerical": "^1.0.0",
        "is-decimal": "^1.0.0",
        "is-hexadecimal": "^1.0.0"
      }
    },
    "property-information": {
      "version": "5.6.0",
      "resolved": "https://registry.npm.taobao.org/property-information/download/property-information-5.6.0.tgz?cache=0&sync_timestamp=1602577177819&other_urls=https%3A%2F%2Fregistry.npm.taobao.org%2Fproperty-information%2Fdownload%2Fproperty-information-5.6.0.tgz",
      "integrity": "sha1-YWdVRfsjAC8kXGVA7EYHfU2j7Wk=",
      "requires": {
        "xtend": "^4.0.0"
      }
    },
    "rehype-document": {
      "version": "5.1.0",
      "resolved": "https://registry.npm.taobao.org/rehype-document/download/rehype-document-5.1.0.tgz",
      "integrity": "sha1-SZK4P5itJO/LhSblyT16YYtdIJQ=",
      "requires": {
        "@types/hast": "^2.0.0",
        "doctype": "^2.0.0",
        "hastscript": "^5.0.0",
        "unist-builder": "^2.0.0"
      }
    },
    "rehype-format": {
      "version": "3.1.0",
      "resolved": "https://registry.npm.taobao.org/rehype-format/download/rehype-format-3.1.0.tgz",
      "integrity": "sha1-PtEhS0sAR8t4F+azRx81FcrrqyY=",
      "requires": {
        "hast-util-embedded": "^1.0.0",
        "hast-util-is-element": "^1.0.0",
        "hast-util-phrasing": "^1.0.0",
        "hast-util-whitespace": "^1.0.0",
        "html-whitespace-sensitive-tag-names": "^1.0.0",
        "rehype-minify-whitespace": "^4.0.0",
        "repeat-string": "^1.0.0",
        "unist-util-visit-parents": "^3.0.0"
      }
    },
    "rehype-minify-whitespace": {
      "version": "4.0.5",
      "resolved": "https://registry.npm.taobao.org/rehype-minify-whitespace/download/rehype-minify-whitespace-4.0.5.tgz",
      "integrity": "sha1-W0eBeGEWIW9tXXzq34TiSJ3Xs80=",
      "requires": {
        "hast-util-embedded": "^1.0.0",
        "hast-util-is-element": "^1.0.0",
        "hast-util-whitespace": "^1.0.4",
        "unist-util-is": "^4.0.0"
      }
    },
    "rehype-stringify": {
      "version": "8.0.0",
      "resolved": "https://registry.npm.taobao.org/rehype-stringify/download/rehype-stringify-8.0.0.tgz",
      "integrity": "sha1-m2r7WZvPMWXxD5P8hUj5oD0uwro=",
      "requires": {
        "hast-util-to-html": "^7.1.1"
      }
    },
    "remark-parse": {
      "version": "9.0.0",
      "resolved": "https://registry.npm.taobao.org/remark-parse/download/remark-parse-9.0.0.tgz?cache=0&sync_timestamp=1602663872721&other_urls=https%3A%2F%2Fregistry.npm.taobao.org%2Fremark-parse%2Fdownload%2Fremark-parse-9.0.0.tgz",
      "integrity": "sha1-TSCimWZYgOT0r12Qt8e4qTWFNkA=",
      "dev": true,
      "requires": {
        "mdast-util-from-markdown": "^0.8.0"
      }
    },
    "remark-rehype": {
      "version": "8.0.0",
      "resolved": "https://registry.npm.taobao.org/remark-rehype/download/remark-rehype-8.0.0.tgz",
      "integrity": "sha1-Wor8gmKlnSBfuiHa+yemc/s7kvo=",
      "requires": {
        "mdast-util-to-hast": "^10.0.0"
      }
    },
    "remark-stringify": {
      "version": "9.0.1",
      "resolved": "https://registry.npm.taobao.org/remark-stringify/download/remark-stringify-9.0.1.tgz?cache=0&sync_timestamp=1607534856489&other_urls=https%3A%2F%2Fregistry.npm.taobao.org%2Fremark-stringify%2Fdownload%2Fremark-stringify-9.0.1.tgz",
      "integrity": "sha1-V20G6RBUiwpxkacfJ7M/EhiGKJQ=",
      "requires": {
        "mdast-util-to-markdown": "^0.6.0"
      }
    },
    "repeat-string": {
      "version": "1.6.1",
      "resolved": "https://registry.npm.taobao.org/repeat-string/download/repeat-string-1.6.1.tgz",
      "integrity": "sha1-jcrkcOHIirwtYA//Sndihtp15jc="
    },
    "retext-stringify": {
      "version": "2.0.4",
      "resolved": "https://registry.npm.taobao.org/retext-stringify/download/retext-stringify-2.0.4.tgz",
      "integrity": "sha1-SW1sUy99xtFeSyYt4CZugo9y76k=",
      "dev": true,
      "requires": {
        "nlcst-to-string": "^2.0.0"
      }
    },
    "space-separated-tokens": {
      "version": "1.1.5",
      "resolved": "https://registry.npm.taobao.org/space-separated-tokens/download/space-separated-tokens-1.1.5.tgz",
      "integrity": "sha1-hfMsPRDZaCAH6RdBTdxcJtGqaJk="
    },
    "string-width": {
      "version": "4.2.0",
      "resolved": "https://registry.npm.taobao.org/string-width/download/string-width-4.2.0.tgz",
      "integrity": "sha1-lSGCxGzHssMT0VluYjmSvRY7crU=",
      "requires": {
        "emoji-regex": "^8.0.0",
        "is-fullwidth-code-point": "^3.0.0",
        "strip-ansi": "^6.0.0"
      }
    },
    "stringify-entities": {
      "version": "3.1.0",
      "resolved": "https://registry.npm.taobao.org/stringify-entities/download/stringify-entities-3.1.0.tgz?cache=0&sync_timestamp=1603098533305&other_urls=https%3A%2F%2Fregistry.npm.taobao.org%2Fstringify-entities%2Fdownload%2Fstringify-entities-3.1.0.tgz",
      "integrity": "sha1-uNP+rCVtn/zJ+h/v3PPKcFdu6QM=",
      "requires": {
        "character-entities-html4": "^1.0.0",
        "character-entities-legacy": "^1.0.0",
        "xtend": "^4.0.0"
      }
    },
    "strip-ansi": {
      "version": "6.0.0",
      "resolved": "https://registry.npm.taobao.org/strip-ansi/download/strip-ansi-6.0.0.tgz",
      "integrity": "sha1-CxVx3XZpzNTz4G4U7x7tJiJa5TI=",
      "requires": {
        "ansi-regex": "^5.0.0"
      }
    },
    "supports-color": {
      "version": "6.1.0",
      "resolved": "https://registry.npm.taobao.org/supports-color/download/supports-color-6.1.0.tgz?cache=0&sync_timestamp=1606205060845&other_urls=https%3A%2F%2Fregistry.npm.taobao.org%2Fsupports-color%2Fdownload%2Fsupports-color-6.1.0.tgz",
      "integrity": "sha1-B2Srxpxj1ayELdSGfo0CXogN+PM=",
      "requires": {
        "has-flag": "^3.0.0"
      }
    },
    "trough": {
      "version": "1.0.5",
      "resolved": "https://registry.npm.taobao.org/trough/download/trough-1.0.5.tgz?cache=0&sync_timestamp=1579946402604&other_urls=https%3A%2F%2Fregistry.npm.taobao.org%2Ftrough%2Fdownload%2Ftrough-1.0.5.tgz",
      "integrity": "sha1-uLY5zvrX0LsqvTfUM/+Ck++l9AY=",
      "dev": true
    },
    "unified": {
      "version": "9.2.0",
      "resolved": "https://registry.npm.taobao.org/unified/download/unified-9.2.0.tgz?cache=0&sync_timestamp=1598033553256&other_urls=https%3A%2F%2Fregistry.npm.taobao.org%2Funified%2Fdownload%2Funified-9.2.0.tgz",
      "integrity": "sha1-Z6YsYnxAWJ7eu/YPU+39TYIgJ/g=",
      "dev": true,
      "requires": {
        "bail": "^1.0.0",
        "extend": "^3.0.0",
        "is-buffer": "^2.0.0",
        "is-plain-obj": "^2.0.0",
        "trough": "^1.0.0",
        "vfile": "^4.0.0"
      }
    },
    "unist-builder": {
      "version": "2.0.3",
      "resolved": "https://registry.npm.taobao.org/unist-builder/download/unist-builder-2.0.3.tgz",
      "integrity": "sha1-d2SHEbXYavCULzNDl6M8XpFRZDY="
    },
    "unist-util-generated": {
      "version": "1.1.6",
      "resolved": "https://registry.npm.taobao.org/unist-util-generated/download/unist-util-generated-1.1.6.tgz?cache=0&sync_timestamp=1604331893329&other_urls=https%3A%2F%2Fregistry.npm.taobao.org%2Funist-util-generated%2Fdownload%2Funist-util-generated-1.1.6.tgz",
      "integrity": "sha1-WrUfaJ4pkqRyvrGzXyzn/y8yTUs="
    },
    "unist-util-is": {
      "version": "4.0.4",
      "resolved": "https://registry.npm.taobao.org/unist-util-is/download/unist-util-is-4.0.4.tgz?cache=0&sync_timestamp=1606662976542&other_urls=https%3A%2F%2Fregistry.npm.taobao.org%2Funist-util-is%2Fdownload%2Funist-util-is-4.0.4.tgz",
      "integrity": "sha1-Pp6N5q8usAOaWfUMmz6ZaYqST1A="
    },
    "unist-util-position": {
      "version": "3.1.0",
      "resolved": "https://registry.npm.taobao.org/unist-util-position/download/unist-util-position-3.1.0.tgz",
      "integrity": "sha1-HELuYwH41S9H0U9iu9t5ZXH6LUc="
    },
    "unist-util-stringify-position": {
      "version": "2.0.3",
      "resolved": "https://registry.npm.taobao.org/unist-util-stringify-position/download/unist-util-stringify-position-2.0.3.tgz?cache=0&sync_timestamp=1582885956127&other_urls=https%3A%2F%2Fregistry.npm.taobao.org%2Funist-util-stringify-position%2Fdownload%2Funist-util-stringify-position-2.0.3.tgz",
      "integrity": "sha1-zOO/oc34W6c3XR1bF73Eytqb2do=",
      "requires": {
        "@types/unist": "^2.0.2"
      }
    },
    "unist-util-visit": {
      "version": "2.0.3",
      "resolved": "https://registry.npm.taobao.org/unist-util-visit/download/unist-util-visit-2.0.3.tgz?cache=0&sync_timestamp=1594459251819&other_urls=https%3A%2F%2Fregistry.npm.taobao.org%2Funist-util-visit%2Fdownload%2Funist-util-visit-2.0.3.tgz",
      "integrity": "sha1-w3A4kxRt9HIDu4qXla9H17lxIIw=",
      "requires": {
        "@types/unist": "^2.0.0",
        "unist-util-is": "^4.0.0",
        "unist-util-visit-parents": "^3.0.0"
      }
    },
    "unist-util-visit-parents": {
      "version": "3.1.1",
      "resolved": "https://registry.npm.taobao.org/unist-util-visit-parents/download/unist-util-visit-parents-3.1.1.tgz",
      "integrity": "sha1-ZabOaY94prD1aqDojxOAGIbNrvY=",
      "requires": {
        "@types/unist": "^2.0.0",
        "unist-util-is": "^4.0.0"
      }
    },
    "vfile": {
      "version": "4.2.1",
      "resolved": "https://registry.npm.taobao.org/vfile/download/vfile-4.2.1.tgz?cache=0&sync_timestamp=1607256217448&other_urls=https%3A%2F%2Fregistry.npm.taobao.org%2Fvfile%2Fdownload%2Fvfile-4.2.1.tgz",
      "integrity": "sha1-A/Hc4o/GJcYlvGUUNQ+9sA+p5iQ=",
      "dev": true,
      "requires": {
        "@types/unist": "^2.0.0",
        "is-buffer": "^2.0.0",
        "unist-util-stringify-position": "^2.0.0",
        "vfile-message": "^2.0.0"
      }
    },
    "vfile-message": {
      "version": "2.0.4",
      "resolved": "https://registry.npm.taobao.org/vfile-message/download/vfile-message-2.0.4.tgz",
      "integrity": "sha1-W0O4gXHUCerlhHfRPyPdQdUsNxo=",
      "dev": true,
      "requires": {
        "@types/unist": "^2.0.0",
        "unist-util-stringify-position": "^2.0.0"
      }
    },
    "vfile-reporter": {
      "version": "6.0.2",
      "resolved": "https://registry.npm.taobao.org/vfile-reporter/download/vfile-reporter-6.0.2.tgz?cache=0&sync_timestamp=1607345269939&other_urls=https%3A%2F%2Fregistry.npm.taobao.org%2Fvfile-reporter%2Fdownload%2Fvfile-reporter-6.0.2.tgz",
      "integrity": "sha1-y92uou7FYPJ1dM57eyaYIsGRpnY=",
      "requires": {
        "repeat-string": "^1.5.0",
        "string-width": "^4.0.0",
        "supports-color": "^6.0.0",
        "unist-util-stringify-position": "^2.0.0",
        "vfile-sort": "^2.1.2",
        "vfile-statistics": "^1.1.0"
      }
    },
    "vfile-sort": {
      "version": "2.2.2",
      "resolved": "https://registry.npm.taobao.org/vfile-sort/download/vfile-sort-2.2.2.tgz",
      "integrity": "sha1-cg/gZ84VaroLQRoBuw3GVZaqEZA="
    },
    "vfile-statistics": {
      "version": "1.1.4",
      "resolved": "https://registry.npm.taobao.org/vfile-statistics/download/vfile-statistics-1.1.4.tgz",
      "integrity": "sha1-uZ/RXs8PRLoIjMlzQl1mbLep8kU="
    },
    "xtend": {
      "version": "4.0.2",
      "resolved": "https://registry.npm.taobao.org/xtend/download/xtend-4.0.2.tgz",
      "integrity": "sha1-u3J3n1+kZRhrH0OPZ0+jR/2121Q="
    },
    "zwitch": {
      "version": "1.0.5",
      "resolved": "https://registry.npm.taobao.org/zwitch/download/zwitch-1.0.5.tgz",
      "integrity": "sha1-0R1zgf/tFrdC9q97PyI9XNn+mSA="
    }
  }
}
